
Microsoft Visual Studio Solution File, Format Version 12.00
# Visual Studio Version 16
VisualStudioVersion = 16.0.29806.167
MinimumVisualStudioVersion = 10.0.40219.1
Project("{FAE04EC0-301F-11D3-BF4B-00C04F79EFBC}") = "FirstConsoleApp_036", "FirstConsoleApp_036.csproj", "{8959D4F7-B1A0-4653-8AA7-D22B0C74CBFD}"
EndProject
Global
	GlobalSection(SolutionConfigurationPlatforms) = preSolution
		Debug|Any CPU = Debug|Any CPU
		Release|Any CPU = Release|Any CPU
	EndGlobalSection
	GlobalSection(ProjectConfigurationPlatforms) = postSolution
		{8959D4F7-B1A0-4653-8AA7-D22B0C74CBFD}.Debug|Any CPU.ActiveCfg = Debug|Any CPU
		{8959D4F7-B1A0-4653-8AA7-D22B0C74CBFD}.Debug|Any CPU.Build.0 = Debug|Any CPU
		{8959D4F7-B1A0-4653-8AA7-D22B0C74CBFD}.Release|Any CPU.ActiveCfg = Release|Any CPU
		{8959D4F7-B1A0-4653-8AA7-D22B0C74CBFD}.Release|Any CPU.Build.0 = Release|Any CPU
	EndGlobalSection
	GlobalSection(SolutionProperties) = preSolution
		HideSolutionNode = FALSE
	EndGlobalSection
	GlobalSection(ExtensibilityGlobals) = postSolution
		SolutionGuid = {FF00B6C1-6B12-46C8-9747-4D59849161D3}
	EndGlobalSection
EndGlobal
